
Microsoft Visual Studio Solution File, Format Version 12.00
# Visual Studio Version 16
VisualStudioVersion = 16.0.30621.155
MinimumVisualStudioVersion = 10.0.40219.1
Project("{FAE04EC0-301F-11D3-BF4B-00C04F79EFBC}") = "BulkPlayground", "BulkPlayground\BulkPlayground.csproj", "{147188A5-2E3D-4A18-A8E7-75BE162ECADD}"
EndProject
Global
	GlobalSection(SolutionConfigurationPlatforms) = preSolution
		Debug|Any CPU = Debug|Any CPU
		Release|Any CPU = Release|Any CPU
	EndGlobalSection
	GlobalSection(ProjectConfigurationPlatforms) = postSolution
		{147188A5-2E3D-4A18-A8E7-75BE162ECADD}.Debug|Any CPU.ActiveCfg = Debug|Any CPU
		{147188A5-2E3D-4A18-A8E7-75BE162ECADD}.Debug|Any CPU.Build.0 = Debug|Any CPU
		{147188A5-2E3D-4A18-A8E7-75BE162ECADD}.Release|Any CPU.ActiveCfg = Release|Any CPU
		{147188A5-2E3D-4A18-A8E7-75BE162ECADD}.Release|Any CPU.Build.0 = Release|Any CPU
	EndGlobalSection
	GlobalSection(SolutionProperties) = preSolution
		HideSolutionNode = FALSE
	EndGlobalSection
	GlobalSection(ExtensibilityGlobals) = postSolution
		SolutionGuid = {4A78F92A-7817-4AF5-BDED-D0B210574FE2}
	EndGlobalSection
EndGlobal
